// !$*UTF8*$!
{
	archiveVersion = 1;
	classes = {
	};
	objectVersion = 46;
	objects = {

/* Begin PBXBuildFile section */
		005890B81DD9CFAD00B15BE3 /* AppDelegate.swift in Sources */ = {isa = PBXBuildFile; fileRef = 005890B71DD9CFAD00B15BE3 /* AppDelegate.swift */; };
		005890BA1DD9CFAD00B15BE3 /* ViewController.swift in Sources */ = {isa = PBXBuildFile; fileRef = 005890B91DD9CFAD00B15BE3 /* ViewController.swift */; };
		005890BD1DD9CFAD00B15BE3 /* Main.storyboard in Resources */ = {isa = PBXBuildFile; fileRef = 005890BB1DD9CFAD00B15BE3 /* Main.storyboard */; };
		005890BF1DD9CFAD00B15BE3 /* Assets.xcassets in Resources */ = {isa = PBXBuildFile; fileRef = 005890BE1DD9CFAD00B15BE3 /* Assets.xcassets */; };
		005890C21DD9CFAD00B15BE3 /* LaunchScreen.storyboard in Resources */ = {isa = PBXBuildFile; fileRef = 005890C01DD9CFAD00B15BE3 /* LaunchScreen.storyboard */; };
/* End PBXBuildFile section */

/* Begin PBXFileReference section */
		005890B41DD9CFAD00B15BE3 /* BrightApp.app */ = {isa = PBXFileReference; explicitFileType = wrapper.application; includeInIndex = 0; path = BrightApp.app; sourceTree = BUILT_PRODUCTS_DIR; };
		005890B71DD9CFAD00B15BE3 /* AppDelegate.swift */ = {isa = PBXFileReference; lastKnownFileType = sourcecode.swift; path = AppDelegate.swift; sourceTree = "<group>"; };
		005890B91DD9CFAD00B15BE3 /* ViewController.swift */ = {isa = PBXFileReference; lastKnownFileType = sourcecode.swift; path = ViewController.swift; sourceTree = "<group>"; };
		005890BC1DD9CFAD00B15BE3 /* Base */ = {isa = PBXFileReference; lastKnownFileType = file.storyboard; name = Base; path = Base.lproj/Main.storyboard; sourceTree = "<group>"; };
		005890BE1DD9CFAD00B15BE3 /* Assets.xcassets */ = {isa = PBXFileReference; lastKnownFileType = folder.assetcatalog; path = Assets.xcassets; sourceTree = "<group>"; };
		005890C11DD9CFAD00B15BE3 /* Base */ = {isa = PBXFileReference; lastKnownFileType = file.storyboard; name = Base; path = Base.lproj/LaunchScreen.storyboard; sourceTree = "<group>"; };
		005890C31DD9CFAD00B15BE3 /* Info.plist */ = {isa = PBXFileReference; lastKnownFileType = text.plist.xml; path = Info.plist; sourceTree = "<group>"; };
/* End PBXFileReference section */

/* Begin PBXFrameworksBuildPhase section */
		005890B11DD9CFAD00B15BE3 /* Frameworks */ = {
			isa = PBXFrameworksBuildPhase;
			buildActionMask = 2147483647;
			files = (
			);
			runOnlyForDeploymentPostprocessing = 0;
		};
/* End PBXFrameworksBuildPhase section */

/* Begin PBXGroup section */
		005890AB1DD9CFAD00B15BE3 = {
			isa = PBXGroup;
			children = (
				005890B61DD9CFAD00B15BE3 /* BrightApp */,
				005890B51DD9CFAD00B15BE3 /* Products */,
			);
			sourceTree = "<group>";
		};
		005890B51DD9CFAD00B15BE3 /* Products */ = {
			isa = PBXGroup;
			children = (
				005890B41DD9CFAD00B15BE3 /* BrightApp.app */,
			);
			name = Products;
			sourceTree = "<group>";
		};
		005890B61DD9CFAD00B15BE3 /* BrightApp */ = {
			isa = PBXGroup;
			children = (
				005890B71DD9CFAD00B15BE3 /* AppDelegate.swift */,
				005890B91DD9CFAD00B15BE3 /* ViewController.swift */,
				005890BB1DD9CFAD00B15BE3 /* Main.storyboard */,
				005890BE1DD9CFAD00B15BE3 /* Assets.xcassets */,
				005890C01DD9CFAD00B15BE3 /* LaunchScreen.storyboard */,
				005890C31DD9CFAD00B15BE3 /* Info.plist */,
			);
			path = BrightApp;
			sourceTree = "<group>";
		};
/* End PBXGroup section */

/* Begin PBXNativeTarget section */
		005890B31DD9CFAD00B15BE3 /* BrightApp */ = {
			isa = PBXNativeTarget;
			buildConfigurationList = 005890C61DD9CFAD00B15BE3 /* Build configuration list for PBXNativeTarget "BrightApp" */;
			buildPhases = (
				005890B01DD9CFAD00B15BE3 /* Sources */,
				005890B11DD9CFAD00B15BE3 /* Frameworks */,
				005890B21DD9CFAD00B15BE3 /* Resources */,
			);
			buildRules = (
			);
			dependencies = (
			);
			name = BrightApp;
			productName = BrightApp;
			productReference = 005890B41DD9CFAD00B15BE3 /* BrightApp.app */;
			productType = "com.apple.product-type.application";
		};
/* End PBXNativeTarget section */

/* Begin PBXProject section */
		005890AC1DD9CFAD00B15BE3 /* Project object */ = {
			isa = PBXProject;
			attributes = {
				LastSwiftUpdateCheck = 0810;
				LastUpgradeCheck = 0810;
				ORGANIZATIONNAME = ntou;
				TargetAttributes = {
					005890B31DD9CFAD00B15BE3 = {
						CreatedOnToolsVersion = 8.1;
						ProvisioningStyle = Automatic;
					};
				};
			};
			buildConfigurationList = 005890AF1DD9CFAD00B15BE3 /* Build configuration list for PBXProject "BrightApp" */;
			compatibilityVersion = "Xcode 3.2";
			developmentRegion = English;
			hasScannedForEncodings = 0;
			knownRegions = (
				en,
				Base,
			);
			mainGroup = 005890AB1DD9CFAD00B15BE3;
			productRefGroup = 005890B51DD9CFAD00B15BE3 /* Products */;
			projectDirPath = "";
			projectRoot = "";
			targets = (
				005890B31DD9CFAD00B15BE3 /* BrightApp */,
			);
		};
/* End PBXProject section */

/* Begin PBXResourcesBuildPhase section */
		005890B21DD9CFAD00B15BE3 /* Resources */ = {
			isa = PBXResourcesBuildPhase;
			buildActionMask = 2147483647;
			files = (
				005890C21DD9CFAD00B15BE3 /* LaunchScreen.storyboard in Resources */,
				005890BF1DD9CFAD00B15BE3 /* Assets.xcassets in Resources */,
				005890BD1DD9CFAD00B15BE3 /* Main.storyboard in Resources */,
			);
			runOnlyForDeploymentPostprocessing = 0;
		};
/* End PBXResourcesBuildPhase section */

/* Begin PBXSourcesBuildPhase section */
		005890B01DD9CFAD00B15BE3 /* Sources */ = {
			isa = PBXSourcesBuildPhase;
			buildActionMask = 2147483647;
			files = (
				005890BA1DD9CFAD00B15BE3 /* ViewController.swift in Sources */,
				005890B81DD9CFAD00B15BE3 /* AppDelegate.swift in Sources */,
			);
			runOnlyForDeploymentPostprocessing = 0;
		};
/* End PBXSourcesBuildPhase section */

/* Begin PBXVariantGroup section */
		005890BB1DD9CFAD00B15BE3 /* Main.storyboard */ = {
			isa = PBXVariantGroup;
			children = (
				005890BC1DD9CFAD00B15BE3 /* Base */,
			);
			name = Main.storyboard;
			sourceTree = "<group>";
		};
		005890C01DD9CFAD00B15BE3 /* LaunchScreen.storyboard */ = {
			isa = PBXVariantGroup;
			children = (
				005890C11DD9CFAD00B15BE3 /* Base */,
			);
			name = LaunchScreen.storyboard;
			sourceTree = "<group>";
		};
/* End PBXVariantGroup section */

/* Begin XCBuildConfiguration section */
		005890C41DD9CFAD00B15BE3 /* Debug */ = {
			isa = XCBuildConfiguration;
			buildSettings = {
				ALWAYS_SEARCH_USER_PATHS = NO;
				CLANG_ANALYZER_NONNULL = YES;
				CLANG_CXX_LANGUAGE_STANDARD = "gnu++0x";
				CLANG_CXX_LIBRARY = "libc++";
				CLANG_ENABLE_MODULES = YES;
				CLANG_ENABLE_OBJC_ARC = YES;
				CLANG_WARN_BOOL_CONVERSION = YES;
				CLANG_WARN_CONSTANT_CONVERSION = YES;
				CLANG_WARN_DIRECT_OBJC_ISA_USAGE = YES_ERROR;
				CLANG_WARN_DOCUMENTATION_COMMENTS = YES;
				CLANG_WARN_EMPTY_BODY = YES;
				CLANG_WARN_ENUM_CONVERSION = YES;
				CLANG_WARN_INFINITE_RECURSION = YES;
				CLANG_WARN_INT_CONVERSION = YES;
				CLANG_WARN_OBJC_ROOT_CLASS = YES_ERROR;
				CLANG_WARN_SUSPICIOUS_MOVES = YES;
				CLANG_WARN_UNREACHABLE_CODE = YES;
				CLANG_WARN__DUPLICATE_METHOD_MATCH = YES;
				"CODE_SIGN_IDENTITY[sdk=iphoneos*]" = "iPhone Developer";
				COPY_PHASE_STRIP = NO;
				DEBUG_INFORMATION_FORMAT = dwarf;
				ENABLE_STRICT_OBJC_MSGSEND = YES;
				ENABLE_TESTABILITY = YES;
				GCC_C_LANGUAGE_STANDARD = gnu99;
				GCC_DYNAMIC_NO_PIC = NO;
				GCC_NO_COMMON_BLOCKS = YES;
				GCC_OPTIMIZATION_LEVEL = 0;
				GCC_PREPROCESSOR_DEFINITIONS = (
					"DEBUG=1",
					"$(inherited)",
				);
				GCC_WARN_64_TO_32_BIT_CONVERSION = YES;
				GCC_WARN_ABOUT_RETURN_TYPE = YES_ERROR;
				GCC_WARN_UNDECLARED_SELECTOR = YES;
				GCC_WARN_UNINITIALIZED_AUTOS = YES_AGGRESSIVE;
				GCC_WARN_UNUSED_FUNCTION = YES;
				GCC_WARN_UNUSED_VARIABLE = YES;
				IPHONEOS_DEPLOYMENT_TARGET = 10.1;
				MTL_ENABLE_DEBUG_INFO = YES;
				ONLY_ACTIVE_ARCH = YES;
				SDKROOT = iphoneos;
				SWIFT_ACTIVE_COMPILATION_CONDITIONS = DEBUG;
				SWIFT_OPTIMIZATION_LEVEL = "-Onone";
			};
			name = Debug;
		};
		005890C51DD9CFAD00B15BE3 /* Release */ = {
			isa = XCBuildConfiguration;
			buildSettings = {
				ALWAYS_SEARCH_USER_PATHS = NO;
				CLANG_ANALYZER_NONNULL = YES;
				CLANG_CXX_LANGUAGE_STANDARD = "gnu++0x";
				CLANG_CXX_LIBRARY = "libc++";
				CLANG_ENABLE_MODULES = YES;
				CLANG_ENABLE_OBJC_ARC = YES;
				CLANG_WARN_BOOL_CONVERSION = YES;
				CLANG_WARN_CONSTANT_CONVERSION = YES;
				CLANG_WARN_DIRECT_OBJC_ISA_USAGE = YES_ERROR;
				CLANG_WARN_DOCUMENTATION_COMMENTS = YES;
				CLANG_WARN_EMPTY_BODY = YES;
				CLANG_WARN_ENUM_CONVERSION = YES;
				CLANG_WARN_INFINITE_RECURSION = YES;
				CLANG_WARN_INT_CONVERSION = YES;
				CLANG_WARN_OBJC_ROOT_CLASS = YES_ERROR;
				CLANG_WARN_SUSPICIOUS_MOVES = YES;
				CLANG_WARN_UNREACHABLE_CODE = YES;
				CLANG_WARN__DUPLICATE_METHOD_MATCH = YES;
				"CODE_SIGN_IDENTITY[sdk=iphoneos*]" = "iPhone Developer";
				COPY_PHASE_STRIP = NO;
				DEBUG_INFORMATION_FORMAT = "dwarf-with-dsym";
				ENABLE_NS_ASSERTIONS = NO;
				ENABLE_STRICT_OBJC_MSGSEND = YES;
				GCC_C_LANGUAGE_STANDARD = gnu99;
				GCC_NO_COMMON_BLOCKS = YES;
				GCC_WARN_64_TO_32_BIT_CONVERSION = YES;
				GCC_WARN_ABOUT_RETURN_TYPE = YES_ERROR;
				GCC_WARN_UNDECLARED_SELECTOR = YES;
				GCC_WARN_UNINITIALIZED_AUTOS = YES_AGGRESSIVE;
				GCC_WARN_UNUSED_FUNCTION = YES;
				GCC_WARN_UNUSED_VARIABLE = YES;
				IPHONEOS_DEPLOYMENT_TARGET = 10.1;
				MTL_ENABLE_DEBUG_INFO = NO;
				SDKROOT = iphoneos;
				SWIFT_OPTIMIZATION_LEVEL = "-Owholemodule";
				VALIDATE_PRODUCT = YES;
			};
			name = Release;
		};
		005890C71DD9CFAD00B15BE3 /* Debug */ = {
			isa = XCBuildConfiguration;
			buildSettings = {
				ASSETCATALOG_COMPILER_APPICON_NAME = AppIcon;
				INFOPLIST_FILE = BrightApp/Info.plist;
				LD_RUNPATH_SEARCH_PATHS = "$(inherited) @executable_path/Frameworks";
				PRODUCT_BUNDLE_IDENTIFIER = test.BrightApp;
				PRODUCT_NAME = "$(TARGET_NAME)";
				SWIFT_VERSION = 3.0;
			};
			name = Debug;
		};
		005890C81DD9CFAD00B15BE3 /* Release */ = {
			isa = XCBuildConfiguration;
			buildSettings = {
				ASSETCATALOG_COMPILER_APPICON_NAME = AppIcon;
				INFOPLIST_FILE = BrightApp/Info.plist;
				LD_RUNPATH_SEARCH_PATHS = "$(inherited) @executable_path/Frameworks";
				PRODUCT_BUNDLE_IDENTIFIER = test.BrightApp;
				PRODUCT_NAME = "$(TARGET_NAME)";
				SWIFT_VERSION = 3.0;
			};
			name = Release;
		};
/* End XCBuildConfiguration section */

/* Begin XCConfigurationList section */
		005890AF1DD9CFAD00B15BE3 /* Build configuration list for PBXProject "BrightApp" */ = {
			isa = XCConfigurationList;
			buildConfigurations = (
				005890C41DD9CFAD00B15BE3 /* Debug */,
				005890C51DD9CFAD00B15BE3 /* Release */,
			);
			defaultConfigurationIsVisible = 0;
			defaultConfigurationName = Release;
		};
		005890C61DD9CFAD00B15BE3 /* Build configuration list for PBXNativeTarget "BrightApp" */ = {
			isa = XCConfigurationList;
			buildConfigurations = (
				005890C71DD9CFAD00B15BE3 /* Debug */,
				005890C81DD9CFAD00B15BE3 /* Release */,
			);
			defaultConfigurationIsVisible = 0;
		};
/* End XCConfigurationList section */
	};
	rootObject = 005890AC1DD9CFAD00B15BE3 /* Project object */;
}
